
Microsoft Visual Studio Solution File, Format Version 12.00
# Visual Studio Version 17
VisualStudioVersion = 17.11.35327.3
MinimumVisualStudioVersion = 10.0.40219.1
Project("{9A19103F-16F7-4668-BE54-9A1E7A4F7556}") = "HerokuAppApiAutomation", "HerokuAppApiAutomation.csproj", "{87395E6E-95D1-4432-8B8A-AEE6F7BBEBFA}"
EndProject
Global
	GlobalSection(SolutionConfigurationPlatforms) = preSolution
		Debug|Any CPU = Debug|Any CPU
		Release|Any CPU = Release|Any CPU
	EndGlobalSection
	GlobalSection(ProjectConfigurationPlatforms) = postSolution
		{87395E6E-95D1-4432-8B8A-AEE6F7BBEBFA}.Debug|Any CPU.ActiveCfg = Debug|Any CPU
		{87395E6E-95D1-4432-8B8A-AEE6F7BBEBFA}.Debug|Any CPU.Build.0 = Debug|Any CPU
		{87395E6E-95D1-4432-8B8A-AEE6F7BBEBFA}.Release|Any CPU.ActiveCfg = Release|Any CPU
		{87395E6E-95D1-4432-8B8A-AEE6F7BBEBFA}.Release|Any CPU.Build.0 = Release|Any CPU
	EndGlobalSection
	GlobalSection(SolutionProperties) = preSolution
		HideSolutionNode = FALSE
	EndGlobalSection
	GlobalSection(ExtensibilityGlobals) = postSolution
		SolutionGuid = {695C4712-8A6D-48E4-AF6B-C8E087F93C18}
	EndGlobalSection
EndGlobal
